
Microsoft Visual Studio Solution File, Format Version 12.00
# Visual Studio Version 17
VisualStudioVersion = 17.5.002.0
MinimumVisualStudioVersion = 10.0.40219.1
Project("{9A19103F-16F7-4668-BE54-9A1E7A4F7556}") = "studentportal", "studentportal.csproj", "{4735147B-826A-4D06-948B-5978C8344670}"
EndProject
Global
	GlobalSection(SolutionConfigurationPlatforms) = preSolution
		Debug|Any CPU = Debug|Any CPU
		Release|Any CPU = Release|Any CPU
	EndGlobalSection
	GlobalSection(ProjectConfigurationPlatforms) = postSolution
		{4735147B-826A-4D06-948B-5978C8344670}.Debug|Any CPU.ActiveCfg = Debug|Any CPU
		{4735147B-826A-4D06-948B-5978C8344670}.Debug|Any CPU.Build.0 = Debug|Any CPU
		{4735147B-826A-4D06-948B-5978C8344670}.Release|Any CPU.ActiveCfg = Release|Any CPU
		{4735147B-826A-4D06-948B-5978C8344670}.Release|Any CPU.Build.0 = Release|Any CPU
	EndGlobalSection
	GlobalSection(SolutionProperties) = preSolution
		HideSolutionNode = FALSE
	EndGlobalSection
	GlobalSection(ExtensibilityGlobals) = postSolution
		SolutionGuid = {72527635-4367-4BC7-9526-6F275BFEFF07}
	EndGlobalSection
EndGlobal
